
Microsoft Visual Studio Solution File, Format Version 12.00
# Visual Studio Version 17
VisualStudioVersion = 17.5.2.0
MinimumVisualStudioVersion = 10.0.40219.1
Project("{FAE04EC0-301F-11D3-BF4B-00C04F79EFBC}") = "JeekEasyTierManager", "JeekEasyTierManager\JeekEasyTierManager.csproj", "{38D0423C-BF13-6A7C-45CE-F21E62AA4B31}"
EndProject
Project("{FAE04EC0-301F-11D3-BF4B-00C04F79EFBC}") = "JeekTools", "JeekTools.NET\JeekTools.csproj", "{25B6BA49-6E99-99ED-5E72-E0A75F271FB3}"
EndProject
Project("{2150E333-8FDC-42A3-9474-1A3956D46DE8}") = "Tools", "Tools", "{07C2787E-EAC7-C090-1BA3-A61EC2A24D84}"
EndProject
Project("{FAE04EC0-301F-11D3-BF4B-00C04F79EFBC}") = "JeekEasyTierManagerMcp", "Tools\JeekEasyTierManagerMcp\JeekEasyTierManagerMcp.csproj", "{443163BC-3470-4DA5-AA88-9E18C1B54744}"
EndProject
Global
	GlobalSection(SolutionConfigurationPlatforms) = preSolution
		Debug|Any CPU = Debug|Any CPU
		Debug|x64 = Debug|x64
		Debug|x86 = Debug|x86
		Release|Any CPU = Release|Any CPU
		Release|x64 = Release|x64
		Release|x86 = Release|x86
	EndGlobalSection
	GlobalSection(ProjectConfigurationPlatforms) = postSolution
		{38D0423C-BF13-6A7C-45CE-F21E62AA4B31}.Debug|Any CPU.ActiveCfg = Debug|Any CPU
		{38D0423C-BF13-6A7C-45CE-F21E62AA4B31}.Debug|Any CPU.Build.0 = Debug|Any CPU
		{38D0423C-BF13-6A7C-45CE-F21E62AA4B31}.Debug|x64.ActiveCfg = Debug|Any CPU
		{38D0423C-BF13-6A7C-45CE-F21E62AA4B31}.Debug|x64.Build.0 = Debug|Any CPU
		{38D0423C-BF13-6A7C-45CE-F21E62AA4B31}.Debug|x86.ActiveCfg = Debug|Any CPU
		{38D0423C-BF13-6A7C-45CE-F21E62AA4B31}.Debug|x86.Build.0 = Debug|Any CPU
		{38D0423C-BF13-6A7C-45CE-F21E62AA4B31}.Release|Any CPU.ActiveCfg = Release|Any CPU
		{38D0423C-BF13-6A7C-45CE-F21E62AA4B31}.Release|Any CPU.Build.0 = Release|Any CPU
		{38D0423C-BF13-6A7C-45CE-F21E62AA4B31}.Release|x64.ActiveCfg = Release|Any CPU
		{38D0423C-BF13-6A7C-45CE-F21E62AA4B31}.Release|x64.Build.0 = Release|Any CPU
		{38D0423C-BF13-6A7C-45CE-F21E62AA4B31}.Release|x86.ActiveCfg = Release|Any CPU
		{38D0423C-BF13-6A7C-45CE-F21E62AA4B31}.Release|x86.Build.0 = Release|Any CPU
		{25B6BA49-6E99-99ED-5E72-E0A75F271FB3}.Debug|Any CPU.ActiveCfg = Debug|Any CPU
		{25B6BA49-6E99-99ED-5E72-E0A75F271FB3}.Debug|Any CPU.Build.0 = Debug|Any CPU
		{25B6BA49-6E99-99ED-5E72-E0A75F271FB3}.Debug|x64.ActiveCfg = Debug|Any CPU
		{25B6BA49-6E99-99ED-5E72-E0A75F271FB3}.Debug|x64.Build.0 = Debug|Any CPU
		{25B6BA49-6E99-99ED-5E72-E0A75F271FB3}.Debug|x86.ActiveCfg = Debug|Any CPU
		{25B6BA49-6E99-99ED-5E72-E0A75F271FB3}.Debug|x86.Build.0 = Debug|Any CPU
		{25B6BA49-6E99-99ED-5E72-E0A75F271FB3}.Release|Any CPU.ActiveCfg = Release|Any CPU
		{25B6BA49-6E99-99ED-5E72-E0A75F271FB3}.Release|Any CPU.Build.0 = Release|Any CPU
		{25B6BA49-6E99-99ED-5E72-E0A75F271FB3}.Release|x64.ActiveCfg = Release|Any CPU
		{25B6BA49-6E99-99ED-5E72-E0A75F271FB3}.Release|x64.Build.0 = Release|Any CPU
		{25B6BA49-6E99-99ED-5E72-E0A75F271FB3}.Release|x86.ActiveCfg = Release|Any CPU
		{25B6BA49-6E99-99ED-5E72-E0A75F271FB3}.Release|x86.Build.0 = Release|Any CPU
		{443163BC-3470-4DA5-AA88-9E18C1B54744}.Debug|Any CPU.ActiveCfg = Debug|Any CPU
		{443163BC-3470-4DA5-AA88-9E18C1B54744}.Debug|Any CPU.Build.0 = Debug|Any CPU
		{443163BC-3470-4DA5-AA88-9E18C1B54744}.Debug|x64.ActiveCfg = Debug|Any CPU
		{443163BC-3470-4DA5-AA88-9E18C1B54744}.Debug|x64.Build.0 = Debug|Any CPU
		{443163BC-3470-4DA5-AA88-9E18C1B54744}.Debug|x86.ActiveCfg = Debug|Any CPU
		{443163BC-3470-4DA5-AA88-9E18C1B54744}.Debug|x86.Build.0 = Debug|Any CPU
		{443163BC-3470-4DA5-AA88-9E18C1B54744}.Release|Any CPU.ActiveCfg = Release|Any CPU
		{443163BC-3470-4DA5-AA88-9E18C1B54744}.Release|Any CPU.Build.0 = Release|Any CPU
		{443163BC-3470-4DA5-AA88-9E18C1B54744}.Release|x64.ActiveCfg = Release|Any CPU
		{443163BC-3470-4DA5-AA88-9E18C1B54744}.Release|x64.Build.0 = Release|Any CPU
		{443163BC-3470-4DA5-AA88-9E18C1B54744}.Release|x86.ActiveCfg = Release|Any CPU
		{443163BC-3470-4DA5-AA88-9E18C1B54744}.Release|x86.Build.0 = Release|Any CPU
	EndGlobalSection
	GlobalSection(SolutionProperties) = preSolution
		HideSolutionNode = FALSE
	EndGlobalSection
	GlobalSection(NestedProjects) = preSolution
		{443163BC-3470-4DA5-AA88-9E18C1B54744} = {07C2787E-EAC7-C090-1BA3-A61EC2A24D84}
	EndGlobalSection
	GlobalSection(ExtensibilityGlobals) = postSolution
		SolutionGuid = {B0D88A1B-219D-431C-9C7C-B3C28187FD6B}
	EndGlobalSection
EndGlobal
